
Microsoft Visual Studio Solution File, Format Version 12.00
# Visual Studio Version 17
VisualStudioVersion = 17.14.35821.62 d17.14
MinimumVisualStudioVersion = 10.0.40219.1
Project("{FAE04EC0-301F-11D3-BF4B-00C04F79EFBC}") = "PhoneKeyPad", "PhoneKeyPad\PhoneKeyPad.csproj", "{33E93CEA-FC7D-4D65-94B9-6ED8AD9C04AF}"
EndProject
Project("{FAE04EC0-301F-11D3-BF4B-00C04F79EFBC}") = "PhoneKeyPadTest", "PhoneKeyPadTest\PhoneKeyPadTest.csproj", "{2850D876-0D9C-4CE9-93C3-1C0EBD09F969}"
EndProject
Global
	GlobalSection(SolutionConfigurationPlatforms) = preSolution
		Debug|Any CPU = Debug|Any CPU
		Release|Any CPU = Release|Any CPU
	EndGlobalSection
	GlobalSection(ProjectConfigurationPlatforms) = postSolution
		{33E93CEA-FC7D-4D65-94B9-6ED8AD9C04AF}.Debug|Any CPU.ActiveCfg = Debug|Any CPU
		{33E93CEA-FC7D-4D65-94B9-6ED8AD9C04AF}.Debug|Any CPU.Build.0 = Debug|Any CPU
		{33E93CEA-FC7D-4D65-94B9-6ED8AD9C04AF}.Release|Any CPU.ActiveCfg = Release|Any CPU
		{33E93CEA-FC7D-4D65-94B9-6ED8AD9C04AF}.Release|Any CPU.Build.0 = Release|Any CPU
		{2850D876-0D9C-4CE9-93C3-1C0EBD09F969}.Debug|Any CPU.ActiveCfg = Debug|Any CPU
		{2850D876-0D9C-4CE9-93C3-1C0EBD09F969}.Debug|Any CPU.Build.0 = Debug|Any CPU
		{2850D876-0D9C-4CE9-93C3-1C0EBD09F969}.Release|Any CPU.ActiveCfg = Release|Any CPU
		{2850D876-0D9C-4CE9-93C3-1C0EBD09F969}.Release|Any CPU.Build.0 = Release|Any CPU
	EndGlobalSection
	GlobalSection(SolutionProperties) = preSolution
		HideSolutionNode = FALSE
	EndGlobalSection
	GlobalSection(ExtensibilityGlobals) = postSolution
		SolutionGuid = {C4DD2B33-07D8-4228-B4F4-A42A3E2C8629}
	EndGlobalSection
EndGlobal
